{
  "name": "wav-form",
  "version": "0.0.1",
  "lockfileVersion": 1,
  "requires": true,
  "dependencies": {
    "abbrev": {
      "version": "1.1.1",
      "resolved": "http://registry.npm.baidu-int.com/abbrev/-/abbrev-1.1.1.tgz",
      "integrity": "sha1-+PLIh60Qv2f2NPAFtph/7TF5qsg="
    },
    "ansi-regex": {
      "version": "2.1.1",
      "resolved": "http://registry.npm.baidu-int.com/ansi-regex/-/ansi-regex-2.1.1.tgz",
      "integrity": "sha1-w7M6te42DYbg5ijwRorn7yfWVN8="
    },
    "aproba": {
      "version": "1.2.0",
      "resolved": "http://registry.npm.baidu-int.com/aproba/-/aproba-1.2.0.tgz",
      "integrity": "sha1-aALmJk79GMeQobDVF/DyYnvyyUo="
    },
    "are-we-there-yet": {
      "version": "1.1.5",
      "resolved": "http://registry.npm.baidu-int.com/are-we-there-yet/-/are-we-there-yet-1.1.5.tgz",
      "integrity": "sha512-5hYdAkZlcG8tOLujVDTgCT+uPX0VnpAH28gWsLfzpXYm7wP6mp5Q/gYyR7YQ0cKVJcXJnl3j2kpBan13PtQf6w==",
      "requires": {
        "delegates": "^1.0.0",
        "readable-stream": "^2.0.6"
      }
    },
    "atob-lite": {
      "version": "2.0.0",
      "resolved": "http://registry.npm.baidu-int.com/atob-lite/-/atob-lite-2.0.0.tgz",
      "integrity": "sha1-D+9a1G8b16hQLGVyfwNn1e5D1pY="
    },
    "audio-buffer": {
      "version": "4.0.4",
      "resolved": "http://registry.npm.baidu-int.com/audio-buffer/-/audio-buffer-4.0.4.tgz",
      "integrity": "sha512-phH+MR3G+N/PO5ZKKxx7HlU6vJwAJFa0+FCaTjr/4lUZU/RCjUTqlk3nMJTRy5+b+6cbx8m//EtwZOVI5Ht9+w==",
      "requires": {
        "audio-context": "^1.0.0"
      }
    },
    "audio-buffer-from": {
      "version": "1.1.1",
      "resolved": "http://registry.npm.baidu-int.com/audio-buffer-from/-/audio-buffer-from-1.1.1.tgz",
      "integrity": "sha512-8Wcira24z+26GXDFe7ZFRF1bJm1iWrz8O+XL8iNZxZjxqAPXIoK1IrJiOqStv35ASPbRjG57ZK/T0WO92MDUSg==",
      "requires": {
        "audio-buffer": "^4.0.4",
        "audio-context": "^1.0.1",
        "audio-format": "^2.0.0",
        "is-audio-buffer": "^1.0.11",
        "is-plain-obj": "^1.1.0",
        "pcm-convert": "^1.6.0",
        "pick-by-alias": "^1.2.0",
        "string-to-arraybuffer": "^1.0.0"
      }
    },
    "audio-context": {
      "version": "1.0.3",
      "resolved": "http://registry.npm.baidu-int.com/audio-context/-/audio-context-1.0.3.tgz",
      "integrity": "sha1-quVjZpGozcFfyRBZcEy8fC+3q/k="
    },
    "audio-decode": {
      "version": "1.4.0",
      "resolved": "http://registry.npm.baidu-int.com/audio-decode/-/audio-decode-1.4.0.tgz",
      "integrity": "sha512-twthRe/K9b83xkk+7AVw7n0o1z1jaaVAwIM0m6VFy9Fl7XdQXM2Kb2MMnZoFBrjwpby+rSfqKZCFExDTZNrCHw==",
      "requires": {
        "audio-buffer-from": "^1.1.1",
        "audio-context": "^1.0.1",
        "audio-type": "^1.0.2",
        "av": "^0.4.9",
        "is-buffer": "^1.1.4",
        "mp3": "^0.1.0",
        "to-array-buffer": "^2.0.0",
        "typedarray-to-buffer": "^3.1.2",
        "wav-decoder": "^1.1.0"
      }
    },
    "audio-format": {
      "version": "2.3.2",
      "resolved": "http://registry.npm.baidu-int.com/audio-format/-/audio-format-2.3.2.tgz",
      "integrity": "sha512-5IA2grZhaVhpGxX6lbJm8VVh/SKQULMXXrFxuiodi0zhzDPRB8BJfieo89AclEQv4bDxZRH4lv06qNnxqkFhKQ==",
      "requires": {
        "is-audio-buffer": "^1.0.11",
        "is-buffer": "^1.1.5",
        "is-plain-obj": "^1.1.0",
        "pick-by-alias": "^1.2.0",
        "sample-rate": "^2.0.0"
      }
    },
    "audio-type": {
      "version": "1.0.2",
      "resolved": "http://registry.npm.baidu-int.com/audio-type/-/audio-type-1.0.2.tgz",
      "integrity": "sha1-n6tWsVc0o35Wwh72/624FhivD8A=",
      "requires": {
        "is-flac": "^1.1.0",
        "is-m4a": "^1.1.0",
        "is-mp3": "^1.1.0",
        "is-ogg": "^1.1.0",
        "is-wav": "^1.1.0",
        "read-chunk": "^2.0.0"
      }
    },
    "av": {
      "version": "0.4.9",
      "resolved": "http://registry.npm.baidu-int.com/av/-/av-0.4.9.tgz",
      "integrity": "sha1-jHFl9zlYClQeyVBxQjSSs//cbiA=",
      "requires": {
        "coffeeify": "^0.6.0",
        "speaker": "^0.3.0"
      }
    },
    "balanced-match": {
      "version": "1.0.0",
      "resolved": "http://registry.npm.baidu-int.com/balanced-match/-/balanced-match-1.0.0.tgz",
      "integrity": "sha1-ibTRmasr7kneFk6gK4nORi1xt2c="
    },
    "bindings": {
      "version": "1.5.0",
      "resolved": "http://registry.npm.baidu-int.com/bindings/-/bindings-1.5.0.tgz",
      "integrity": "sha1-EDU8npRTNLwFEabZCzj7x8nFBN8=",
      "optional": true,
      "requires": {
        "file-uri-to-path": "1.0.0"
      }
    },
    "brace-expansion": {
      "version": "1.1.11",
      "resolved": "http://registry.npm.baidu-int.com/brace-expansion/-/brace-expansion-1.1.11.tgz",
      "integrity": "sha1-PH/L9SnYcibz0vUrlm/1Jx60Qd0=",
      "requires": {
        "balanced-match": "^1.0.0",
        "concat-map": "0.0.1"
      }
    },
    "canvas": {
      "version": "2.5.0",
      "resolved": "http://registry.npm.baidu-int.com/canvas/-/canvas-2.5.0.tgz",
      "integrity": "sha1-zw71nUeQV1aJwNUOWce4AjoR84o=",
      "requires": {
        "nan": "^2.13.2",
        "node-pre-gyp": "^0.11.0",
        "simple-get": "^3.0.3"
      }
    },
    "chownr": {
      "version": "1.1.1",
      "resolved": "http://registry.npm.baidu-int.com/chownr/-/chownr-1.1.1.tgz",
      "integrity": "sha512-j38EvO5+LHX84jlo6h4UzmOwi0UgW61WRyPtJz4qaadK5eY3BTS5TY/S1Stc3Uk2lIM6TPevAlULiEJwie860g=="
    },
    "code-point-at": {
      "version": "1.1.0",
      "resolved": "http://registry.npm.baidu-int.com/code-point-at/-/code-point-at-1.1.0.tgz",
      "integrity": "sha1-DQcLTQQ6W+ozovGkDi7bPZpMz3c="
    },
    "coffee-script": {
      "version": "1.7.1",
      "resolved": "http://registry.npm.baidu-int.com/coffee-script/-/coffee-script-1.7.1.tgz",
      "integrity": "sha1-YplqhheAx15tUGnROCJyO3NAS/w=",
      "requires": {
        "mkdirp": "~0.3.5"
      }
    },
    "coffeeify": {
      "version": "0.6.0",
      "resolved": "http://registry.npm.baidu-int.com/coffeeify/-/coffeeify-0.6.0.tgz",
      "integrity": "sha1-dcq6my6Sx4NskkZciDtqzJ2JRlI=",
      "requires": {
        "coffee-script": "~1.7.0",
        "convert-source-map": "~0.3.3",
        "through": "~2.3.4"
      }
    },
    "concat-map": {
      "version": "0.0.1",
      "resolved": "http://registry.npm.baidu-int.com/concat-map/-/concat-map-0.0.1.tgz",
      "integrity": "sha1-2Klr13/Wjfd5OnMDajug1UBdR3s="
    },
    "console-control-strings": {
      "version": "1.1.0",
      "resolved": "http://registry.npm.baidu-int.com/console-control-strings/-/console-control-strings-1.1.0.tgz",
      "integrity": "sha1-PXz0Rk22RG6mRL9LOVB/mFEAjo4="
    },
    "convert-source-map": {
      "version": "0.3.5",
      "resolved": "http://registry.npm.baidu-int.com/convert-source-map/-/convert-source-map-0.3.5.tgz",
      "integrity": "sha1-8dgClQr33SYxof6+BZZVDIarMZA="
    },
    "core-util-is": {
      "version": "1.0.2",
      "resolved": "http://registry.npm.baidu-int.com/core-util-is/-/core-util-is-1.0.2.tgz",
      "integrity": "sha1-tf1UIgqivFq1eqtxQMlAdUUDwac="
    },
    "debug": {
      "version": "2.6.9",
      "resolved": "http://registry.npm.baidu-int.com/debug/-/debug-2.6.9.tgz",
      "integrity": "sha1-XRKFFd8TT/Mn6QpMk/Tgd6U2NB8=",
      "optional": true,
      "requires": {
        "ms": "2.0.0"
      }
    },
    "decompress-response": {
      "version": "3.3.0",
      "resolved": "http://registry.npm.baidu-int.com/decompress-response/-/decompress-response-3.3.0.tgz",
      "integrity": "sha1-gKTdMjdIOEv6JICDYirt7Jgq3/M=",
      "requires": {
        "mimic-response": "^1.0.0"
      }
    },
    "deep-extend": {
      "version": "0.6.0",
      "resolved": "http://registry.npm.baidu-int.com/deep-extend/-/deep-extend-0.6.0.tgz",
      "integrity": "sha512-LOHxIOaPYdHlJRtCQfDIVZtfw/ufM8+rVj649RIHzcm/vGwQRXFt6OPqIFWsm2XEMrNIEtWR64sY1LEKD2vAOA=="
    },
    "delegates": {
      "version": "1.0.0",
      "resolved": "http://registry.npm.baidu-int.com/delegates/-/delegates-1.0.0.tgz",
      "integrity": "sha1-hMbhWbgZBP3KWaDvRM2HDTElD5o="
    },
    "detect-libc": {
      "version": "1.0.3",
      "resolved": "http://registry.npm.baidu-int.com/detect-libc/-/detect-libc-1.0.3.tgz",
      "integrity": "sha1-+hN8S9aY7fVc1c0CrFWfkaTEups="
    },
    "dtype": {
      "version": "2.0.0",
      "resolved": "http://registry.npm.baidu-int.com/dtype/-/dtype-2.0.0.tgz",
      "integrity": "sha1-zQUjI84GFETs0uj1dI9popvihDQ="
    },
    "file-uri-to-path": {
      "version": "1.0.0",
      "resolved": "http://registry.npm.baidu-int.com/file-uri-to-path/-/file-uri-to-path-1.0.0.tgz",
      "integrity": "sha1-VTp7hEb/b2hDWcRF8eN6BdrMM90=",
      "optional": true
    },
    "flatten-vertex-data": {
      "version": "1.0.2",
      "resolved": "http://registry.npm.baidu-int.com/flatten-vertex-data/-/flatten-vertex-data-1.0.2.tgz",
      "integrity": "sha1-iJ/WC+pQYAbKM5Ve4RBRdftiAhk=",
      "requires": {
        "dtype": "^2.0.0"
      }
    },
    "fs-minipass": {
      "version": "1.2.6",
      "resolved": "http://registry.npm.baidu-int.com/fs-minipass/-/fs-minipass-1.2.6.tgz",
      "integrity": "sha1-LFzDDe2BKCv+ig18fBhT3esQLAc=",
      "requires": {
        "minipass": "^2.2.1"
      }
    },
    "fs.realpath": {
      "version": "1.0.0",
      "resolved": "http://registry.npm.baidu-int.com/fs.realpath/-/fs.realpath-1.0.0.tgz",
      "integrity": "sha1-FQStJSMVjKpA20onh8sBQRmU6k8="
    },
    "gauge": {
      "version": "2.7.4",
      "resolved": "http://registry.npm.baidu-int.com/gauge/-/gauge-2.7.4.tgz",
      "integrity": "sha1-LANAXHU4w51+s3sxcCLjJfsBi/c=",
      "requires": {
        "aproba": "^1.0.3",
        "console-control-strings": "^1.0.0",
        "has-unicode": "^2.0.0",
        "object-assign": "^4.1.0",
        "signal-exit": "^3.0.0",
        "string-width": "^1.0.1",
        "strip-ansi": "^3.0.1",
        "wide-align": "^1.1.0"
      }
    },
    "glob": {
      "version": "7.1.4",
      "resolved": "http://registry.npm.baidu-int.com/glob/-/glob-7.1.4.tgz",
      "integrity": "sha1-qmCKL2xXetNX4a5aXCbZqNGWklU=",
      "requires": {
        "fs.realpath": "^1.0.0",
        "inflight": "^1.0.4",
        "inherits": "2",
        "minimatch": "^3.0.4",
        "once": "^1.3.0",
        "path-is-absolute": "^1.0.0"
      }
    },
    "has-unicode": {
      "version": "2.0.1",
      "resolved": "http://registry.npm.baidu-int.com/has-unicode/-/has-unicode-2.0.1.tgz",
      "integrity": "sha1-4Ob+aijPUROIVeCG0Wkedx3iqLk="
    },
    "iconv-lite": {
      "version": "0.4.24",
      "resolved": "http://registry.npm.baidu-int.com/iconv-lite/-/iconv-lite-0.4.24.tgz",
      "integrity": "sha512-v3MXnZAcvnywkTUEZomIActle7RXXeedOR31wwl7VlyoXO4Qi9arvSenNQWne1TcRwhCL1HwLI21bEqdpj8/rA==",
      "requires": {
        "safer-buffer": ">= 2.1.2 < 3"
      }
    },
    "ignore-walk": {
      "version": "3.0.1",
      "resolved": "http://registry.npm.baidu-int.com/ignore-walk/-/ignore-walk-3.0.1.tgz",
      "integrity": "sha512-DTVlMx3IYPe0/JJcYP7Gxg7ttZZu3IInhuEhbchuqneY9wWe5Ojy2mXLBaQFUQmo0AW2r3qG7m1mg86js+gnlQ==",
      "requires": {
        "minimatch": "^3.0.4"
      }
    },
    "inflight": {
      "version": "1.0.6",
      "resolved": "http://registry.npm.baidu-int.com/inflight/-/inflight-1.0.6.tgz",
      "integrity": "sha1-Sb1jMdfQLQwJvJEKEHW6gWW1bfk=",
      "requires": {
        "once": "^1.3.0",
        "wrappy": "1"
      }
    },
    "inherits": {
      "version": "2.0.3",
      "resolved": "http://registry.npm.baidu-int.com/inherits/-/inherits-2.0.3.tgz",
      "integrity": "sha1-Yzwsg+PaQqUC9SRmAiSA9CCCYd4="
    },
    "ini": {
      "version": "1.3.5",
      "resolved": "http://registry.npm.baidu-int.com/ini/-/ini-1.3.5.tgz",
      "integrity": "sha1-7uJfVtscnsYIXgwid4CD9Zar+Sc="
    },
    "is-audio-buffer": {
      "version": "1.1.0",
      "resolved": "http://registry.npm.baidu-int.com/is-audio-buffer/-/is-audio-buffer-1.1.0.tgz",
      "integrity": "sha512-fmPC/dizJmP4ITCsW5oTQGMJ9wZVE+A/zAe6FQo3XwgERxmXHmm3ON5XkWDAxmyxvsrDmWx3NArpSgamp/59AA=="
    },
    "is-base64": {
      "version": "0.1.0",
      "resolved": "http://registry.npm.baidu-int.com/is-base64/-/is-base64-0.1.0.tgz",
      "integrity": "sha1-pvIGEMbvSGOlHLoyvAIiVEuTJiI="
    },
    "is-blob": {
      "version": "2.0.1",
      "resolved": "http://registry.npm.baidu-int.com/is-blob/-/is-blob-2.0.1.tgz",
      "integrity": "sha1-f95X74eCoVS8Dzvcqg/9zLbDN2c="
    },
    "is-buffer": {
      "version": "1.1.6",
      "resolved": "http://registry.npm.baidu-int.com/is-buffer/-/is-buffer-1.1.6.tgz",
      "integrity": "sha1-76ouqdqg16suoTqXsritUf776L4="
    },
    "is-flac": {
      "version": "1.1.2",
      "resolved": "http://registry.npm.baidu-int.com/is-flac/-/is-flac-1.1.2.tgz",
      "integrity": "sha1-xMWRj6IR5Rt6bpp8x1GAnq6MACw="
    },
    "is-fullwidth-code-point": {
      "version": "1.0.0",
      "resolved": "http://registry.npm.baidu-int.com/is-fullwidth-code-point/-/is-fullwidth-code-point-1.0.0.tgz",
      "integrity": "sha1-754xOG8DGn8NZDr4L95QxFfvAMs=",
      "requires": {
        "number-is-nan": "^1.0.0"
      }
    },
    "is-m4a": {
      "version": "1.1.0",
      "resolved": "http://registry.npm.baidu-int.com/is-m4a/-/is-m4a-1.1.0.tgz",
      "integrity": "sha1-DxbISzufvx/fjDn4hGhGJk3b3Tw="
    },
    "is-mp3": {
      "version": "1.1.3",
      "resolved": "http://registry.npm.baidu-int.com/is-mp3/-/is-mp3-1.1.3.tgz",
      "integrity": "sha1-YqHnPCBgH0bLHxv1klBPk58L1Mg="
    },
    "is-ogg": {
      "version": "1.1.2",
      "resolved": "http://registry.npm.baidu-int.com/is-ogg/-/is-ogg-1.1.2.tgz",
      "integrity": "sha1-lWoOAjzntcSE+sDi/0J4NPanZJM="
    },
    "is-plain-obj": {
      "version": "1.1.0",
      "resolved": "http://registry.npm.baidu-int.com/is-plain-obj/-/is-plain-obj-1.1.0.tgz",
      "integrity": "sha1-caUMhCnfync8kqOQpKA7OfzVHT4="
    },
    "is-typedarray": {
      "version": "1.0.0",
      "resolved": "http://registry.npm.baidu-int.com/is-typedarray/-/is-typedarray-1.0.0.tgz",
      "integrity": "sha1-5HnICFjfDBsR3dppQPlgEfzaSpo="
    },
    "is-wav": {
      "version": "1.1.2",
      "resolved": "http://registry.npm.baidu-int.com/is-wav/-/is-wav-1.1.2.tgz",
      "integrity": "sha1-2crM81WoNNf1uCjwCYEdCX1UBQ4="
    },
    "isarray": {
      "version": "1.0.0",
      "resolved": "http://registry.npm.baidu-int.com/isarray/-/isarray-1.0.0.tgz",
      "integrity": "sha1-u5NdSFgsuhaMBoNJV6VKPgcSTxE="
    },
    "mimic-response": {
      "version": "1.0.1",
      "resolved": "http://registry.npm.baidu-int.com/mimic-response/-/mimic-response-1.0.1.tgz",
      "integrity": "sha512-j5EctnkH7amfV/q5Hgmoal1g2QHFJRraOtmx0JpIqkxhBhI/lJSl1nMpQ45hVarwNETOoWEimndZ4QK0RHxuxQ=="
    },
    "minimatch": {
      "version": "3.0.4",
      "resolved": "http://registry.npm.baidu-int.com/minimatch/-/minimatch-3.0.4.tgz",
      "integrity": "sha1-UWbihkV/AzBgZL5Ul+jbsMPTIIM=",
      "requires": {
        "brace-expansion": "^1.1.7"
      }
    },
    "minimist": {
      "version": "0.0.8",
      "resolved": "http://registry.npm.baidu-int.com/minimist/-/minimist-0.0.8.tgz",
      "integrity": "sha1-hX/Kv8M5fSYluCKCYuhqp6ARsF0="
    },
    "minipass": {
      "version": "2.3.5",
      "resolved": "http://registry.npm.baidu-int.com/minipass/-/minipass-2.3.5.tgz",
      "integrity": "sha512-Gi1W4k059gyRbyVUZQ4mEqLm0YIUiGYfvxhF6SIlk3ui1WVxMTGfGdQ2SInh3PDrRTVvPKgULkpJtT4RH10+VA==",
      "requires": {
        "safe-buffer": "^5.1.2",
        "yallist": "^3.0.0"
      }
    },
    "minizlib": {
      "version": "1.2.1",
      "resolved": "http://registry.npm.baidu-int.com/minizlib/-/minizlib-1.2.1.tgz",
      "integrity": "sha1-3SfqYTYkPHyIBoToZyuzpF/ZthQ=",
      "requires": {
        "minipass": "^2.2.1"
      }
    },
    "mkdirp": {
      "version": "0.3.5",
      "resolved": "http://registry.npm.baidu-int.com/mkdirp/-/mkdirp-0.3.5.tgz",
      "integrity": "sha1-3j5fiWHIjHh+4TaN+EmsRBPsqNc="
    },
    "mp3": {
      "version": "0.1.0",
      "resolved": "http://registry.npm.baidu-int.com/mp3/-/mp3-0.1.0.tgz",
      "integrity": "sha1-5T5HI+NGmO4//dzbYL+INWpJEME="
    },
    "ms": {
      "version": "2.0.0",
      "resolved": "http://registry.npm.baidu-int.com/ms/-/ms-2.0.0.tgz",
      "integrity": "sha1-VgiurfwAvmwpAd9fmGF4jeDVl8g=",
      "optional": true
    },
    "nan": {
      "version": "2.14.0",
      "resolved": "http://registry.npm.baidu-int.com/nan/-/nan-2.14.0.tgz",
      "integrity": "sha1-eBj3IgJ7JFmobwKV1DTR/CM2xSw="
    },
    "needle": {
      "version": "2.4.0",
      "resolved": "http://registry.npm.baidu-int.com/needle/-/needle-2.4.0.tgz",
      "integrity": "sha1-aDPnSXXERGQlkOFadQKIxfk5tXw=",
      "requires": {
        "debug": "^3.2.6",
        "iconv-lite": "^0.4.4",
        "sax": "^1.2.4"
      },
      "dependencies": {
        "debug": {
          "version": "3.2.6",
          "resolved": "http://registry.npm.baidu-int.com/debug/-/debug-3.2.6.tgz",
          "integrity": "sha512-mel+jf7nrtEl5Pn1Qx46zARXKDpBbvzezse7p7LqINmdoIk8PYP5SySaxEmYv6TZ0JyEKA1hsCId6DIhgITtWQ==",
          "requires": {
            "ms": "^2.1.1"
          }
        },
        "ms": {
          "version": "2.1.1",
          "resolved": "http://registry.npm.baidu-int.com/ms/-/ms-2.1.1.tgz",
          "integrity": "sha1-MKWGTrPrsKZvLr5tcnrwagnYbgo="
        }
      }
    },
    "node-pre-gyp": {
      "version": "0.11.0",
      "resolved": "http://registry.npm.baidu-int.com/node-pre-gyp/-/node-pre-gyp-0.11.0.tgz",
      "integrity": "sha512-TwWAOZb0j7e9eGaf9esRx3ZcLaE5tQ2lvYy1pb5IAaG1a2e2Kv5Lms1Y4hpj+ciXJRofIxxlt5haeQ/2ANeE0Q==",
      "requires": {
        "detect-libc": "^1.0.2",
        "mkdirp": "^0.5.1",
        "needle": "^2.2.1",
        "nopt": "^4.0.1",
        "npm-packlist": "^1.1.6",
        "npmlog": "^4.0.2",
        "rc": "^1.2.7",
        "rimraf": "^2.6.1",
        "semver": "^5.3.0",
        "tar": "^4"
      },
      "dependencies": {
        "mkdirp": {
          "version": "0.5.1",
          "resolved": "http://registry.npm.baidu-int.com/mkdirp/-/mkdirp-0.5.1.tgz",
          "integrity": "sha1-MAV0OOrGz3+MR2fzhkjWaX11yQM=",
          "requires": {
            "minimist": "0.0.8"
          }
        }
      }
    },
    "nopt": {
      "version": "4.0.1",
      "resolved": "http://registry.npm.baidu-int.com/nopt/-/nopt-4.0.1.tgz",
      "integrity": "sha1-0NRoWv1UFRk8jHUFYC0NF81kR00=",
      "requires": {
        "abbrev": "1",
        "osenv": "^0.1.4"
      }
    },
    "npm-bundled": {
      "version": "1.0.6",
      "resolved": "http://registry.npm.baidu-int.com/npm-bundled/-/npm-bundled-1.0.6.tgz",
      "integrity": "sha1-57qarc75YrthJI+RchzZMrP+a90="
    },
    "npm-packlist": {
      "version": "1.4.1",
      "resolved": "http://registry.npm.baidu-int.com/npm-packlist/-/npm-packlist-1.4.1.tgz",
      "integrity": "sha1-GQZM35iNqA6jzuRVM4edkBkrv7w=",
      "requires": {
        "ignore-walk": "^3.0.1",
        "npm-bundled": "^1.0.1"
      }
    },
    "npmlog": {
      "version": "4.1.2",
      "resolved": "http://registry.npm.baidu-int.com/npmlog/-/npmlog-4.1.2.tgz",
      "integrity": "sha1-CKfyqL9zRgR3mp76StXMcXq7lUs=",
      "requires": {
        "are-we-there-yet": "~1.1.2",
        "console-control-strings": "~1.1.0",
        "gauge": "~2.7.3",
        "set-blocking": "~2.0.0"
      }
    },
    "number-is-nan": {
      "version": "1.0.1",
      "resolved": "http://registry.npm.baidu-int.com/number-is-nan/-/number-is-nan-1.0.1.tgz",
      "integrity": "sha1-CXtgK1NCKlIsGvuHkDGDNpQaAR0="
    },
    "object-assign": {
      "version": "4.1.1",
      "resolved": "http://registry.npm.baidu-int.com/object-assign/-/object-assign-4.1.1.tgz",
      "integrity": "sha1-IQmtx5ZYh8/AXLvUQsrIv7s2CGM="
    },
    "once": {
      "version": "1.4.0",
      "resolved": "http://registry.npm.baidu-int.com/once/-/once-1.4.0.tgz",
      "integrity": "sha1-WDsap3WWHUsROsF9nFC6753Xa9E=",
      "requires": {
        "wrappy": "1"
      }
    },
    "os-homedir": {
      "version": "1.0.2",
      "resolved": "http://registry.npm.baidu-int.com/os-homedir/-/os-homedir-1.0.2.tgz",
      "integrity": "sha1-/7xJiDNuDoM94MFox+8VISGqf7M="
    },
    "os-tmpdir": {
      "version": "1.0.2",
      "resolved": "http://registry.npm.baidu-int.com/os-tmpdir/-/os-tmpdir-1.0.2.tgz",
      "integrity": "sha1-u+Z0BseaqFxc/sdm/lc0VV36EnQ="
    },
    "osenv": {
      "version": "0.1.5",
      "resolved": "http://registry.npm.baidu-int.com/osenv/-/osenv-0.1.5.tgz",
      "integrity": "sha1-hc36+uso6Gd/QW4odZK18/SepBA=",
      "requires": {
        "os-homedir": "^1.0.0",
        "os-tmpdir": "^1.0.0"
      }
    },
    "path-is-absolute": {
      "version": "1.0.1",
      "resolved": "http://registry.npm.baidu-int.com/path-is-absolute/-/path-is-absolute-1.0.1.tgz",
      "integrity": "sha1-F0uSaHNVNP+8es5r9TpanhtcX18="
    },
    "pcm-convert": {
      "version": "1.6.5",
      "resolved": "http://registry.npm.baidu-int.com/pcm-convert/-/pcm-convert-1.6.5.tgz",
      "integrity": "sha512-5CEspU4j8aEQ80AhNbcLfpT0apc93E6endFxahWd4sV70I6PN7LPdz8GoYm/1qr400K9bUVsVA+KxNgbFROZPw==",
      "requires": {
        "audio-format": "^2.3.2",
        "is-audio-buffer": "^1.0.11",
        "is-buffer": "^1.1.5",
        "object-assign": "^4.1.1"
      }
    },
    "pick-by-alias": {
      "version": "1.2.0",
      "resolved": "http://registry.npm.baidu-int.com/pick-by-alias/-/pick-by-alias-1.2.0.tgz",
      "integrity": "sha1-X3yysfIabh6ISgyHhVqko3NhEHs="
    },
    "pify": {
      "version": "3.0.0",
      "resolved": "http://registry.npm.baidu-int.com/pify/-/pify-3.0.0.tgz",
      "integrity": "sha1-5aSs0sEB/fPZpNB/DbxNtJ3SgXY="
    },
    "process-nextick-args": {
      "version": "2.0.0",
      "resolved": "http://registry.npm.baidu-int.com/process-nextick-args/-/process-nextick-args-2.0.0.tgz",
      "integrity": "sha1-o31zL0JxtKsa0HDTVQjoKQeI/6o="
    },
    "rc": {
      "version": "1.2.8",
      "resolved": "http://registry.npm.baidu-int.com/rc/-/rc-1.2.8.tgz",
      "integrity": "sha512-y3bGgqKj3QBdxLbLkomlohkvsA8gdAiUQlSBJnBhfn+BPxg4bc62d8TcBW15wavDfgexCgccckhcZvywyQYPOw==",
      "requires": {
        "deep-extend": "^0.6.0",
        "ini": "~1.3.0",
        "minimist": "^1.2.0",
        "strip-json-comments": "~2.0.1"
      },
      "dependencies": {
        "minimist": {
          "version": "1.2.0",
          "resolved": "http://registry.npm.baidu-int.com/minimist/-/minimist-1.2.0.tgz",
          "integrity": "sha1-o1AIsg9BOD7sH7kU9M1d95omQoQ="
        }
      }
    },
    "read-chunk": {
      "version": "2.1.0",
      "resolved": "http://registry.npm.baidu-int.com/read-chunk/-/read-chunk-2.1.0.tgz",
      "integrity": "sha1-agTAkoAF7Z1C4aasVgDhnLx/9lU=",
      "requires": {
        "pify": "^3.0.0",
        "safe-buffer": "^5.1.1"
      }
    },
    "readable-stream": {
      "version": "2.3.6",
      "resolved": "http://registry.npm.baidu-int.com/readable-stream/-/readable-stream-2.3.6.tgz",
      "integrity": "sha512-tQtKA9WIAhBF3+VLAseyMqZeBjW0AHJoxOtYqSUZNJxauErmLbVm2FW1y+J/YA9dUrAC39ITejlZWhVIwawkKw==",
      "requires": {
        "core-util-is": "~1.0.0",
        "inherits": "~2.0.3",
        "isarray": "~1.0.0",
        "process-nextick-args": "~2.0.0",
        "safe-buffer": "~5.1.1",
        "string_decoder": "~1.1.1",
        "util-deprecate": "~1.0.1"
      }
    },
    "rimraf": {
      "version": "2.6.3",
      "resolved": "http://registry.npm.baidu-int.com/rimraf/-/rimraf-2.6.3.tgz",
      "integrity": "sha1-stEE/g2Psnz54KHNqCYt04M8bKs=",
      "requires": {
        "glob": "^7.1.3"
      }
    },
    "safe-buffer": {
      "version": "5.1.2",
      "resolved": "http://registry.npm.baidu-int.com/safe-buffer/-/safe-buffer-5.1.2.tgz",
      "integrity": "sha512-Gd2UZBJDkXlY7GbJxfsE8/nvKkUEU1G38c1siN6QP6a9PT9MmHB8GnpscSmMJSoF8LOIrt8ud/wPtojys4G6+g=="
    },
    "safer-buffer": {
      "version": "2.1.2",
      "resolved": "http://registry.npm.baidu-int.com/safer-buffer/-/safer-buffer-2.1.2.tgz",
      "integrity": "sha512-YZo3K82SD7Riyi0E1EQPojLz7kpepnSQI9IyPbHHg1XXXevb5dJI7tpyN2ADxGcQbHG7vcyRHk0cbwqcQriUtg=="
    },
    "sample-rate": {
      "version": "2.0.1",
      "resolved": "http://registry.npm.baidu-int.com/sample-rate/-/sample-rate-2.0.1.tgz",
      "integrity": "sha512-AIK0vVBiAEObmpJOxQu/WCyklnWGqzTSDII4O7nBo+SJHmfgBUiYhgV/Y3Ohz76gfSlU6R5CIAKggj+nAOLSvg=="
    },
    "sax": {
      "version": "1.2.4",
      "resolved": "http://registry.npm.baidu-int.com/sax/-/sax-1.2.4.tgz",
      "integrity": "sha1-KBYjTiN4vdxOU1T6tcqold9xANk="
    },
    "semver": {
      "version": "5.7.0",
      "resolved": "http://registry.npm.baidu-int.com/semver/-/semver-5.7.0.tgz",
      "integrity": "sha1-eQp89v6lRZuslhELKbYEEtyP+Ws="
    },
    "set-blocking": {
      "version": "2.0.0",
      "resolved": "http://registry.npm.baidu-int.com/set-blocking/-/set-blocking-2.0.0.tgz",
      "integrity": "sha1-BF+XgtARrppoA93TgrJDkrPYkPc="
    },
    "signal-exit": {
      "version": "3.0.2",
      "resolved": "http://registry.npm.baidu-int.com/signal-exit/-/signal-exit-3.0.2.tgz",
      "integrity": "sha1-tf3AjxKH6hF4Yo5BXiUTK3NkbG0="
    },
    "simple-concat": {
      "version": "1.0.0",
      "resolved": "http://registry.npm.baidu-int.com/simple-concat/-/simple-concat-1.0.0.tgz",
      "integrity": "sha1-c0TLuLbib7J9ZrL8hvn21Zl1IcY="
    },
    "simple-get": {
      "version": "3.0.3",
      "resolved": "http://registry.npm.baidu-int.com/simple-get/-/simple-get-3.0.3.tgz",
      "integrity": "sha512-Wvre/Jq5vgoz31Z9stYWPLn0PqRqmBDpFSdypAnHu5AvRVCYPRYGnvryNLiXu8GOBNDH82J2FRHUGMjjHUpXFw==",
      "requires": {
        "decompress-response": "^3.3.0",
        "once": "^1.3.1",
        "simple-concat": "^1.0.0"
      }
    },
    "speaker": {
      "version": "0.3.1",
      "resolved": "http://registry.npm.baidu-int.com/speaker/-/speaker-0.3.1.tgz",
      "integrity": "sha512-LEqSy+FHYHPZj4kX8NHylzaOmy+VIqj57enm2GS4B568hj0SdKDYa9jALCGQy43LZa/JmQk1iF0nlMVbS1PfPg==",
      "optional": true,
      "requires": {
        "bindings": "^1.2.1",
        "debug": "^2.2.0",
        "nan": "^2.2.0",
        "readable-stream": "^2.0.5"
      }
    },
    "string-to-arraybuffer": {
      "version": "1.0.2",
      "resolved": "http://registry.npm.baidu-int.com/string-to-arraybuffer/-/string-to-arraybuffer-1.0.2.tgz",
      "integrity": "sha1-FhFH+63qAuKLCTUALOxMQPHKfwo=",
      "requires": {
        "atob-lite": "^2.0.0",
        "is-base64": "^0.1.0"
      }
    },
    "string-width": {
      "version": "1.0.2",
      "resolved": "http://registry.npm.baidu-int.com/string-width/-/string-width-1.0.2.tgz",
      "integrity": "sha1-EYvfW4zcUaKn5w0hHgfisLmxB9M=",
      "requires": {
        "code-point-at": "^1.0.0",
        "is-fullwidth-code-point": "^1.0.0",
        "strip-ansi": "^3.0.0"
      }
    },
    "string_decoder": {
      "version": "1.1.1",
      "resolved": "http://registry.npm.baidu-int.com/string_decoder/-/string_decoder-1.1.1.tgz",
      "integrity": "sha512-n/ShnvDi6FHbbVfviro+WojiFzv+s8MPMHBczVePfUpDJLwoLT0ht1l4YwBCbi8pJAveEEdnkHyPyTP/mzRfwg==",
      "requires": {
        "safe-buffer": "~5.1.0"
      }
    },
    "strip-ansi": {
      "version": "3.0.1",
      "resolved": "http://registry.npm.baidu-int.com/strip-ansi/-/strip-ansi-3.0.1.tgz",
      "integrity": "sha1-ajhfuIU9lS1f8F0Oiq+UJ43GPc8=",
      "requires": {
        "ansi-regex": "^2.0.0"
      }
    },
    "strip-json-comments": {
      "version": "2.0.1",
      "resolved": "http://registry.npm.baidu-int.com/strip-json-comments/-/strip-json-comments-2.0.1.tgz",
      "integrity": "sha1-PFMZQukIwml8DsNEhYwobHygpgo="
    },
    "tar": {
      "version": "4.4.9",
      "resolved": "http://registry.npm.baidu-int.com/tar/-/tar-4.4.9.tgz",
      "integrity": "sha512-xisFa7Q2i3HOgfn+nmnWLGHD6Tm23hxjkx6wwGmgxkJFr6wxwXnJOdJYcZjL453PSdF0+bemO03+flAzkIdLBQ==",
      "requires": {
        "chownr": "^1.1.1",
        "fs-minipass": "^1.2.5",
        "minipass": "^2.3.5",
        "minizlib": "^1.2.1",
        "mkdirp": "^0.5.0",
        "safe-buffer": "^5.1.2",
        "yallist": "^3.0.3"
      },
      "dependencies": {
        "mkdirp": {
          "version": "0.5.1",
          "resolved": "http://registry.npm.baidu-int.com/mkdirp/-/mkdirp-0.5.1.tgz",
          "integrity": "sha1-MAV0OOrGz3+MR2fzhkjWaX11yQM=",
          "requires": {
            "minimist": "0.0.8"
          }
        }
      }
    },
    "through": {
      "version": "2.3.8",
      "resolved": "http://registry.npm.baidu-int.com/through/-/through-2.3.8.tgz",
      "integrity": "sha1-DdTJ/6q8NXlgsbckEV1+Doai4fU="
    },
    "to-array-buffer": {
      "version": "2.2.2",
      "resolved": "http://registry.npm.baidu-int.com/to-array-buffer/-/to-array-buffer-2.2.2.tgz",
      "integrity": "sha1-+dxrWhjyMmNs8VFbfKFG/a+I1EI=",
      "requires": {
        "flatten-vertex-data": "^1.0.2",
        "is-blob": "^2.0.1",
        "string-to-arraybuffer": "^1.0.0"
      }
    },
    "typedarray-to-buffer": {
      "version": "3.1.5",
      "resolved": "http://registry.npm.baidu-int.com/typedarray-to-buffer/-/typedarray-to-buffer-3.1.5.tgz",
      "integrity": "sha512-zdu8XMNEDepKKR+XYOXAVPtWui0ly0NtohUscw+UmaHiAWT8hrV1rr//H6V+0DvJ3OQ19S979M0laLfX8rm82Q==",
      "requires": {
        "is-typedarray": "^1.0.0"
      }
    },
    "util-deprecate": {
      "version": "1.0.2",
      "resolved": "http://registry.npm.baidu-int.com/util-deprecate/-/util-deprecate-1.0.2.tgz",
      "integrity": "sha1-RQ1Nyfpw3nMnYvvS1KKJgUGaDM8="
    },
    "wav-decoder": {
      "version": "1.3.0",
      "resolved": "http://registry.npm.baidu-int.com/wav-decoder/-/wav-decoder-1.3.0.tgz",
      "integrity": "sha512-4U6O/JNb1dPO90CO2YMTQ5N2plJcntm39vNMvRq9VZ4Vy5FzS7Lnx95N2QcYUyKYcZfCbhI//W3dSHA8YnOQyQ=="
    },
    "wide-align": {
      "version": "1.1.3",
      "resolved": "http://registry.npm.baidu-int.com/wide-align/-/wide-align-1.1.3.tgz",
      "integrity": "sha512-QGkOQc8XL6Bt5PwnsExKBPuMKBxnGxWWW3fU55Xt4feHozMUhdUMaBCk290qpm/wG5u/RSKzwdAC4i51YigihA==",
      "requires": {
        "string-width": "^1.0.2 || 2"
      }
    },
    "wrappy": {
      "version": "1.0.2",
      "resolved": "http://registry.npm.baidu-int.com/wrappy/-/wrappy-1.0.2.tgz",
      "integrity": "sha1-tSQ9jz7BqjXxNkYFvA0QNuMKtp8="
    },
    "yallist": {
      "version": "3.0.3",
      "resolved": "http://registry.npm.baidu-int.com/yallist/-/yallist-3.0.3.tgz",
      "integrity": "sha1-tLBJ4xS+VF486AIjbWzSLNkcPek="
    }
  }
}
